// !$*UTF8*$!
{
	archiveVersion = 1;
	classes = {
	};
	objectVersion = 50;
	objects = {

/* Begin PBXBuildFile section */
		18E6E5BA2139B1AB00E455C8 /* AppDelegate.swift in Sources */ = {isa = PBXBuildFile; fileRef = 18E6E5B92139B1AB00E455C8 /* AppDelegate.swift */; };
		18E6E5BC2139B1AB00E455C8 /* ViewController.swift in Sources */ = {isa = PBXBuildFile; fileRef = 18E6E5BB2139B1AB00E455C8 /* ViewController.swift */; };
		18E6E5BF2139B1AB00E455C8 /* Main.storyboard in Resources */ = {isa = PBXBuildFile; fileRef = 18E6E5BD2139B1AB00E455C8 /* Main.storyboard */; };
		18E6E5C12139B1AD00E455C8 /* Assets.xcassets in Resources */ = {isa = PBXBuildFile; fileRef = 18E6E5C02139B1AD00E455C8 /* Assets.xcassets */; };
		18E6E5C42139B1AD00E455C8 /* LaunchScreen.storyboard in Resources */ = {isa = PBXBuildFile; fileRef = 18E6E5C22139B1AD00E455C8 /* LaunchScreen.storyboard */; };
		18E6E5CF2139B1AD00E455C8 /* PopTableViewAnimationTests.swift in Sources */ = {isa = PBXBuildFile; fileRef = 18E6E5CE2139B1AD00E455C8 /* PopTableViewAnimationTests.swift */; };
/* End PBXBuildFile section */

/* Begin PBXContainerItemProxy section */
		18E6E5CB2139B1AD00E455C8 /* PBXContainerItemProxy */ = {
			isa = PBXContainerItemProxy;
			containerPortal = 18E6E5AE2139B1AB00E455C8 /* Project object */;
			proxyType = 1;
			remoteGlobalIDString = 18E6E5B52139B1AB00E455C8;
			remoteInfo = PopTableViewAnimation;
		};
/* End PBXContainerItemProxy section */

/* Begin PBXFileReference section */
		18E6E5B62139B1AB00E455C8 /* PopTableViewAnimation.app */ = {isa = PBXFileReference; explicitFileType = wrapper.application; includeInIndex = 0; path = PopTableViewAnimation.app; sourceTree = BUILT_PRODUCTS_DIR; };
		18E6E5B92139B1AB00E455C8 /* AppDelegate.swift */ = {isa = PBXFileReference; lastKnownFileType = sourcecode.swift; path = AppDelegate.swift; sourceTree = "<group>"; };
		18E6E5BB2139B1AB00E455C8 /* ViewController.swift */ = {isa = PBXFileReference; lastKnownFileType = sourcecode.swift; path = ViewController.swift; sourceTree = "<group>"; };
		18E6E5BE2139B1AB00E455C8 /* Base */ = {isa = PBXFileReference; lastKnownFileType = file.storyboard; name = Base; path = Base.lproj/Main.storyboard; sourceTree = "<group>"; };
		18E6E5C02139B1AD00E455C8 /* Assets.xcassets */ = {isa = PBXFileReference; lastKnownFileType = folder.assetcatalog; path = Assets.xcassets; sourceTree = "<group>"; };
		18E6E5C32139B1AD00E455C8 /* Base */ = {isa = PBXFileReference; lastKnownFileType = file.storyboard; name = Base; path = Base.lproj/LaunchScreen.storyboard; sourceTree = "<group>"; };
		18E6E5C52139B1AD00E455C8 /* Info.plist */ = {isa = PBXFileReference; lastKnownFileType = text.plist.xml; path = Info.plist; sourceTree = "<group>"; };
		18E6E5CA2139B1AD00E455C8 /* PopTableViewAnimationTests.xctest */ = {isa = PBXFileReference; explicitFileType = wrapper.cfbundle; includeInIndex = 0; path = PopTableViewAnimationTests.xctest; sourceTree = BUILT_PRODUCTS_DIR; };
		18E6E5CE2139B1AD00E455C8 /* PopTableViewAnimationTests.swift */ = {isa = PBXFileReference; lastKnownFileType = sourcecode.swift; path = PopTableViewAnimationTests.swift; sourceTree = "<group>"; };
		18E6E5D02139B1AD00E455C8 /* Info.plist */ = {isa = PBXFileReference; lastKnownFileType = text.plist.xml; path = Info.plist; sourceTree = "<group>"; };
/* End PBXFileReference section */

/* Begin PBXFrameworksBuildPhase section */
		18E6E5B32139B1AB00E455C8 /* Frameworks */ = {
			isa = PBXFrameworksBuildPhase;
			buildActionMask = 2147483647;
			files = (
			);
			runOnlyForDeploymentPostprocessing = 0;
		};
		18E6E5C72139B1AD00E455C8 /* Frameworks */ = {
			isa = PBXFrameworksBuildPhase;
			buildActionMask = 2147483647;
			files = (
			);
			runOnlyForDeploymentPostprocessing = 0;
		};
/* End PBXFrameworksBuildPhase section */

/* Begin PBXGroup section */
		18E6E5AD2139B1AB00E455C8 = {
			isa = PBXGroup;
			children = (
				18E6E5B82139B1AB00E455C8 /* PopTableViewAnimation */,
				18E6E5CD2139B1AD00E455C8 /* PopTableViewAnimationTests */,
				18E6E5B72139B1AB00E455C8 /* Products */,
			);
			sourceTree = "<group>";
		};
		18E6E5B72139B1AB00E455C8 /* Products */ = {
			isa = PBXGroup;
			children = (
				18E6E5B62139B1AB00E455C8 /* PopTableViewAnimation.app */,
				18E6E5CA2139B1AD00E455C8 /* PopTableViewAnimationTests.xctest */,
			);
			name = Products;
			sourceTree = "<group>";
		};
		18E6E5B82139B1AB00E455C8 /* PopTableViewAnimation */ = {
			isa = PBXGroup;
			children = (
				18E6E5B92139B1AB00E455C8 /* AppDelegate.swift */,
				18E6E5BB2139B1AB00E455C8 /* ViewController.swift */,
				18E6E5BD2139B1AB00E455C8 /* Main.storyboard */,
				18E6E5C02139B1AD00E455C8 /* Assets.xcassets */,
				18E6E5C22139B1AD00E455C8 /* LaunchScreen.storyboard */,
				18E6E5C52139B1AD00E455C8 /* Info.plist */,
			);
			path = PopTableViewAnimation;
			sourceTree = "<group>";
		};
		18E6E5CD2139B1AD00E455C8 /* PopTableViewAnimationTests */ = {
			isa = PBXGroup;
			children = (
				18E6E5CE2139B1AD00E455C8 /* PopTableViewAnimationTests.swift */,
				18E6E5D02139B1AD00E455C8 /* Info.plist */,
			);
			path = PopTableViewAnimationTests;
			sourceTree = "<group>";
		};
/* End PBXGroup section */

/* Begin PBXNativeTarget section */
		18E6E5B52139B1AB00E455C8 /* PopTableViewAnimation */ = {
			isa = PBXNativeTarget;
			buildConfigurationList = 18E6E5D32139B1AD00E455C8 /* Build configuration list for PBXNativeTarget "PopTableViewAnimation" */;
			buildPhases = (
				18E6E5B22139B1AB00E455C8 /* Sources */,
				18E6E5B32139B1AB00E455C8 /* Frameworks */,
				18E6E5B42139B1AB00E455C8 /* Resources */,
			);
			buildRules = (
			);
			dependencies = (
			);
			name = PopTableViewAnimation;
			productName = PopTableViewAnimation;
			productReference = 18E6E5B62139B1AB00E455C8 /* PopTableViewAnimation.app */;
			productType = "com.apple.product-type.application";
		};
		18E6E5C92139B1AD00E455C8 /* PopTableViewAnimationTests */ = {
			isa = PBXNativeTarget;
			buildConfigurationList = 18E6E5D62139B1AD00E455C8 /* Build configuration list for PBXNativeTarget "PopTableViewAnimationTests" */;
			buildPhases = (
				18E6E5C62139B1AD00E455C8 /* Sources */,
				18E6E5C72139B1AD00E455C8 /* Frameworks */,
				18E6E5C82139B1AD00E455C8 /* Resources */,
			);
			buildRules = (
			);
			dependencies = (
				18E6E5CC2139B1AD00E455C8 /* PBXTargetDependency */,
			);
			name = PopTableViewAnimationTests;
			productName = PopTableViewAnimationTests;
			productReference = 18E6E5CA2139B1AD00E455C8 /* PopTableViewAnimationTests.xctest */;
			productType = "com.apple.product-type.bundle.unit-test";
		};
/* End PBXNativeTarget section */

/* Begin PBXProject section */
		18E6E5AE2139B1AB00E455C8 /* Project object */ = {
			isa = PBXProject;
			attributes = {
				LastSwiftUpdateCheck = 1000;
				LastUpgradeCheck = 1000;
				ORGANIZATIONNAME = Ananth;
				TargetAttributes = {
					18E6E5B52139B1AB00E455C8 = {
						CreatedOnToolsVersion = 10.0;
					};
					18E6E5C92139B1AD00E455C8 = {
						CreatedOnToolsVersion = 10.0;
						TestTargetID = 18E6E5B52139B1AB00E455C8;
					};
				};
			};
			buildConfigurationList = 18E6E5B12139B1AB00E455C8 /* Build configuration list for PBXProject "PopTableViewAnimation" */;
			compatibilityVersion = "Xcode 9.3";
			developmentRegion = en;
			hasScannedForEncodings = 0;
			knownRegions = (
				en,
				Base,
			);
			mainGroup = 18E6E5AD2139B1AB00E455C8;
			productRefGroup = 18E6E5B72139B1AB00E455C8 /* Products */;
			projectDirPath = "";
			projectRoot = "";
			targets = (
				18E6E5B52139B1AB00E455C8 /* PopTableViewAnimation */,
				18E6E5C92139B1AD00E455C8 /* PopTableViewAnimationTests */,
			);
		};
/* End PBXProject section */

/* Begin PBXResourcesBuildPhase section */
		18E6E5B42139B1AB00E455C8 /* Resources */ = {
			isa = PBXResourcesBuildPhase;
			buildActionMask = 2147483647;
			files = (
				18E6E5C42139B1AD00E455C8 /* LaunchScreen.storyboard in Resources */,
				18E6E5C12139B1AD00E455C8 /* Assets.xcassets in Resources */,
				18E6E5BF2139B1AB00E455C8 /* Main.storyboard in Resources */,
			);
			runOnlyForDeploymentPostprocessing = 0;
		};
		18E6E5C82139B1AD00E455C8 /* Resources */ = {
			isa = PBXResourcesBuildPhase;
			buildActionMask = 2147483647;
			files = (
			);
			runOnlyForDeploymentPostprocessing = 0;
		};
/* End PBXResourcesBuildPhase section */

/* Begin PBXSourcesBuildPhase section */
		18E6E5B22139B1AB00E455C8 /* Sources */ = {
			isa = PBXSourcesBuildPhase;
			buildActionMask = 2147483647;
			files = (
				18E6E5BC2139B1AB00E455C8 /* ViewController.swift in Sources */,
				18E6E5BA2139B1AB00E455C8 /* AppDelegate.swift in Sources */,
			);
			runOnlyForDeploymentPostprocessing = 0;
		};
		18E6E5C62139B1AD00E455C8 /* Sources */ = {
			isa = PBXSourcesBuildPhase;
			buildActionMask = 2147483647;
			files = (
				18E6E5CF2139B1AD00E455C8 /* PopTableViewAnimationTests.swift in Sources */,
			);
			runOnlyForDeploymentPostprocessing = 0;
		};
/* End PBXSourcesBuildPhase section */

/* Begin PBXTargetDependency section */
		18E6E5CC2139B1AD00E455C8 /* PBXTargetDependency */ = {
			isa = PBXTargetDependency;
			target = 18E6E5B52139B1AB00E455C8 /* PopTableViewAnimation */;
			targetProxy = 18E6E5CB2139B1AD00E455C8 /* PBXContainerItemProxy */;
		};
/* End PBXTargetDependency section */

/* Begin PBXVariantGroup section */
		18E6E5BD2139B1AB00E455C8 /* Main.storyboard */ = {
			isa = PBXVariantGroup;
			children = (
				18E6E5BE2139B1AB00E455C8 /* Base */,
			);
			name = Main.storyboard;
			sourceTree = "<group>";
		};
		18E6E5C22139B1AD00E455C8 /* LaunchScreen.storyboard */ = {
			isa = PBXVariantGroup;
			children = (
				18E6E5C32139B1AD00E455C8 /* Base */,
			);
			name = LaunchScreen.storyboard;
			sourceTree = "<group>";
		};
/* End PBXVariantGroup section */

/* Begin XCBuildConfiguration section */
		18E6E5D12139B1AD00E455C8 /* Debug */ = {
			isa = XCBuildConfiguration;
			buildSettings = {
				ALWAYS_SEARCH_USER_PATHS = NO;
				CLANG_ANALYZER_NONNULL = YES;
				CLANG_ANALYZER_NUMBER_OBJECT_CONVERSION = YES_AGGRESSIVE;
				CLANG_CXX_LANGUAGE_STANDARD = "gnu++14";
				CLANG_CXX_LIBRARY = "libc++";
				CLANG_ENABLE_MODULES = YES;
				CLANG_ENABLE_OBJC_ARC = YES;
				CLANG_ENABLE_OBJC_WEAK = YES;
				CLANG_WARN_BLOCK_CAPTURE_AUTORELEASING = YES;
				CLANG_WARN_BOOL_CONVERSION = YES;
				CLANG_WARN_COMMA = YES;
				CLANG_WARN_CONSTANT_CONVERSION = YES;
				CLANG_WARN_DEPRECATED_OBJC_IMPLEMENTATIONS = YES;
				CLANG_WARN_DIRECT_OBJC_ISA_USAGE = YES_ERROR;
				CLANG_WARN_DOCUMENTATION_COMMENTS = YES;
				CLANG_WARN_EMPTY_BODY = YES;
				CLANG_WARN_ENUM_CONVERSION = YES;
				CLANG_WARN_INFINITE_RECURSION = YES;
				CLANG_WARN_INT_CONVERSION = YES;
				CLANG_WARN_NON_LITERAL_NULL_CONVERSION = YES;
				CLANG_WARN_OBJC_IMPLICIT_RETAIN_SELF = YES;
				CLANG_WARN_OBJC_LITERAL_CONVERSION = YES;
				CLANG_WARN_OBJC_ROOT_CLASS = YES_ERROR;
				CLANG_WARN_RANGE_LOOP_ANALYSIS = YES;
				CLANG_WARN_STRICT_PROTOTYPES = YES;
				CLANG_WARN_SUSPICIOUS_MOVE = YES;
				CLANG_WARN_UNGUARDED_AVAILABILITY = YES_AGGRESSIVE;
				CLANG_WARN_UNREACHABLE_CODE = YES;
				CLANG_WARN__DUPLICATE_METHOD_MATCH = YES;
				CODE_SIGN_IDENTITY = "iPhone Developer";
				COPY_PHASE_STRIP = NO;
				DEBUG_INFORMATION_FORMAT = dwarf;
				ENABLE_STRICT_OBJC_MSGSEND = YES;
				ENABLE_TESTABILITY = YES;
				GCC_C_LANGUAGE_STANDARD = gnu11;
				GCC_DYNAMIC_NO_PIC = NO;
				GCC_NO_COMMON_BLOCKS = YES;
				GCC_OPTIMIZATION_LEVEL = 0;
				GCC_PREPROCESSOR_DEFINITIONS = (
					"DEBUG=1",
					"$(inherited)",
				);
				GCC_WARN_64_TO_32_BIT_CONVERSION = YES;
				GCC_WARN_ABOUT_RETURN_TYPE = YES_ERROR;
				GCC_WARN_UNDECLARED_SELECTOR = YES;
				GCC_WARN_UNINITIALIZED_AUTOS = YES_AGGRESSIVE;
				GCC_WARN_UNUSED_FUNCTION = YES;
				GCC_WARN_UNUSED_VARIABLE = YES;
				IPHONEOS_DEPLOYMENT_TARGET = 12.0;
				MTL_ENABLE_DEBUG_INFO = INCLUDE_SOURCE;
				MTL_FAST_MATH = YES;
				ONLY_ACTIVE_ARCH = YES;
				SDKROOT = iphoneos;
				SWIFT_ACTIVE_COMPILATION_CONDITIONS = DEBUG;
				SWIFT_OPTIMIZATION_LEVEL = "-Onone";
			};
			name = Debug;
		};
		18E6E5D22139B1AD00E455C8 /* Release */ = {
			isa = XCBuildConfiguration;
			buildSettings = {
				ALWAYS_SEARCH_USER_PATHS = NO;
				CLANG_ANALYZER_NONNULL = YES;
				CLANG_ANALYZER_NUMBER_OBJECT_CONVERSION = YES_AGGRESSIVE;
				CLANG_CXX_LANGUAGE_STANDARD = "gnu++14";
				CLANG_CXX_LIBRARY = "libc++";
				CLANG_ENABLE_MODULES = YES;
				CLANG_ENABLE_OBJC_ARC = YES;
				CLANG_ENABLE_OBJC_WEAK = YES;
				CLANG_WARN_BLOCK_CAPTURE_AUTORELEASING = YES;
				CLANG_WARN_BOOL_CONVERSION = YES;
				CLANG_WARN_COMMA = YES;
				CLANG_WARN_CONSTANT_CONVERSION = YES;
				CLANG_WARN_DEPRECATED_OBJC_IMPLEMENTATIONS = YES;
				CLANG_WARN_DIRECT_OBJC_ISA_USAGE = YES_ERROR;
				CLANG_WARN_DOCUMENTATION_COMMENTS = YES;
				CLANG_WARN_EMPTY_BODY = YES;
				CLANG_WARN_ENUM_CONVERSION = YES;
				CLANG_WARN_INFINITE_RECURSION = YES;
				CLANG_WARN_INT_CONVERSION = YES;
				CLANG_WARN_NON_LITERAL_NULL_CONVERSION = YES;
				CLANG_WARN_OBJC_IMPLICIT_RETAIN_SELF = YES;
				CLANG_WARN_OBJC_LITERAL_CONVERSION = YES;
				CLANG_WARN_OBJC_ROOT_CLASS = YES_ERROR;
				CLANG_WARN_RANGE_LOOP_ANALYSIS = YES;
				CLANG_WARN_STRICT_PROTOTYPES = YES;
				CLANG_WARN_SUSPICIOUS_MOVE = YES;
				CLANG_WARN_UNGUARDED_AVAILABILITY = YES_AGGRESSIVE;
				CLANG_WARN_UNREACHABLE_CODE = YES;
				CLANG_WARN__DUPLICATE_METHOD_MATCH = YES;
				CODE_SIGN_IDENTITY = "iPhone Developer";
				COPY_PHASE_STRIP = NO;
				DEBUG_INFORMATION_FORMAT = "dwarf-with-dsym";
				ENABLE_NS_ASSERTIONS = NO;
				ENABLE_STRICT_OBJC_MSGSEND = YES;
				GCC_C_LANGUAGE_STANDARD = gnu11;
				GCC_NO_COMMON_BLOCKS = YES;
				GCC_WARN_64_TO_32_BIT_CONVERSION = YES;
				GCC_WARN_ABOUT_RETURN_TYPE = YES_ERROR;
				GCC_WARN_UNDECLARED_SELECTOR = YES;
				GCC_WARN_UNINITIALIZED_AUTOS = YES_AGGRESSIVE;
				GCC_WARN_UNUSED_FUNCTION = YES;
				GCC_WARN_UNUSED_VARIABLE = YES;
				IPHONEOS_DEPLOYMENT_TARGET = 12.0;
				MTL_ENABLE_DEBUG_INFO = NO;
				MTL_FAST_MATH = YES;
				SDKROOT = iphoneos;
				SWIFT_COMPILATION_MODE = wholemodule;
				SWIFT_OPTIMIZATION_LEVEL = "-O";
				VALIDATE_PRODUCT = YES;
			};
			name = Release;
		};
		18E6E5D42139B1AD00E455C8 /* Debug */ = {
			isa = XCBuildConfiguration;
			buildSettings = {
				ASSETCATALOG_COMPILER_APPICON_NAME = AppIcon;
				CODE_SIGN_STYLE = Automatic;
				DEVELOPMENT_TEAM = K588M45ZA4;
				INFOPLIST_FILE = PopTableViewAnimation/Info.plist;
				LD_RUNPATH_SEARCH_PATHS = (
					"$(inherited)",
					"@executable_path/Frameworks",
				);
				PRODUCT_BUNDLE_IDENTIFIER = com.CloudTesnor.PopTableViewAnimation;
				PRODUCT_NAME = "$(TARGET_NAME)";
				SWIFT_VERSION = 4.2;
				TARGETED_DEVICE_FAMILY = "1,2";
			};
			name = Debug;
		};
		18E6E5D52139B1AD00E455C8 /* Release */ = {
			isa = XCBuildConfiguration;
			buildSettings = {
				ASSETCATALOG_COMPILER_APPICON_NAME = AppIcon;
				CODE_SIGN_STYLE = Automatic;
				DEVELOPMENT_TEAM = K588M45ZA4;
				INFOPLIST_FILE = PopTableViewAnimation/Info.plist;
				LD_RUNPATH_SEARCH_PATHS = (
					"$(inherited)",
					"@executable_path/Frameworks",
				);
				PRODUCT_BUNDLE_IDENTIFIER = com.CloudTesnor.PopTableViewAnimation;
				PRODUCT_NAME = "$(TARGET_NAME)";
				SWIFT_VERSION = 4.2;
				TARGETED_DEVICE_FAMILY = "1,2";
			};
			name = Release;
		};
		18E6E5D72139B1AD00E455C8 /* Debug */ = {
			isa = XCBuildConfiguration;
			buildSettings = {
				ALWAYS_EMBED_SWIFT_STANDARD_LIBRARIES = YES;
				BUNDLE_LOADER = "$(TEST_HOST)";
				CODE_SIGN_STYLE = Automatic;
				DEVELOPMENT_TEAM = K588M45ZA4;
				INFOPLIST_FILE = PopTableViewAnimationTests/Info.plist;
				LD_RUNPATH_SEARCH_PATHS = (
					"$(inherited)",
					"@executable_path/Frameworks",
					"@loader_path/Frameworks",
				);
				PRODUCT_BUNDLE_IDENTIFIER = com.CloudTesnor.PopTableViewAnimationTests;
				PRODUCT_NAME = "$(TARGET_NAME)";
				SWIFT_VERSION = 4.2;
				TARGETED_DEVICE_FAMILY = "1,2";
				TEST_HOST = "$(BUILT_PRODUCTS_DIR)/PopTableViewAnimation.app/PopTableViewAnimation";
			};
			name = Debug;
		};
		18E6E5D82139B1AD00E455C8 /* Release */ = {
			isa = XCBuildConfiguration;
			buildSettings = {
				ALWAYS_EMBED_SWIFT_STANDARD_LIBRARIES = YES;
				BUNDLE_LOADER = "$(TEST_HOST)";
				CODE_SIGN_STYLE = Automatic;
				DEVELOPMENT_TEAM = K588M45ZA4;
				INFOPLIST_FILE = PopTableViewAnimationTests/Info.plist;
				LD_RUNPATH_SEARCH_PATHS = (
					"$(inherited)",
					"@executable_path/Frameworks",
					"@loader_path/Frameworks",
				);
				PRODUCT_BUNDLE_IDENTIFIER = com.CloudTesnor.PopTableViewAnimationTests;
				PRODUCT_NAME = "$(TARGET_NAME)";
				SWIFT_VERSION = 4.2;
				TARGETED_DEVICE_FAMILY = "1,2";
				TEST_HOST = "$(BUILT_PRODUCTS_DIR)/PopTableViewAnimation.app/PopTableViewAnimation";
			};
			name = Release;
		};
/* End XCBuildConfiguration section */

/* Begin XCConfigurationList section */
		18E6E5B12139B1AB00E455C8 /* Build configuration list for PBXProject "PopTableViewAnimation" */ = {
			isa = XCConfigurationList;
			buildConfigurations = (
				18E6E5D12139B1AD00E455C8 /* Debug */,
				18E6E5D22139B1AD00E455C8 /* Release */,
			);
			defaultConfigurationIsVisible = 0;
			defaultConfigurationName = Release;
		};
		18E6E5D32139B1AD00E455C8 /* Build configuration list for PBXNativeTarget "PopTableViewAnimation" */ = {
			isa = XCConfigurationList;
			buildConfigurations = (
				18E6E5D42139B1AD00E455C8 /* Debug */,
				18E6E5D52139B1AD00E455C8 /* Release */,
			);
			defaultConfigurationIsVisible = 0;
			defaultConfigurationName = Release;
		};
		18E6E5D62139B1AD00E455C8 /* Build configuration list for PBXNativeTarget "PopTableViewAnimationTests" */ = {
			isa = XCConfigurationList;
			buildConfigurations = (
				18E6E5D72139B1AD00E455C8 /* Debug */,
				18E6E5D82139B1AD00E455C8 /* Release */,
			);
			defaultConfigurationIsVisible = 0;
			defaultConfigurationName = Release;
		};
/* End XCConfigurationList section */
	};
	rootObject = 18E6E5AE2139B1AB00E455C8 /* Project object */;
}
