// !$*UTF8*$!
{
	archiveVersion = 1;
	classes = {
	};
	objectVersion = 50;
	objects = {

/* Begin PBXBuildFile section */
		18E6E58E2139921F00E455C8 /* AppDelegate.swift in Sources */ = {isa = PBXBuildFile; fileRef = 18E6E58D2139921F00E455C8 /* AppDelegate.swift */; };
		18E6E5902139921F00E455C8 /* ViewController.swift in Sources */ = {isa = PBXBuildFile; fileRef = 18E6E58F2139921F00E455C8 /* ViewController.swift */; };
		18E6E5932139921F00E455C8 /* Main.storyboard in Resources */ = {isa = PBXBuildFile; fileRef = 18E6E5912139921F00E455C8 /* Main.storyboard */; };
		18E6E5952139922100E455C8 /* Assets.xcassets in Resources */ = {isa = PBXBuildFile; fileRef = 18E6E5942139922100E455C8 /* Assets.xcassets */; };
		18E6E5982139922100E455C8 /* LaunchScreen.storyboard in Resources */ = {isa = PBXBuildFile; fileRef = 18E6E5962139922100E455C8 /* LaunchScreen.storyboard */; };
		18E6E5A32139922100E455C8 /* CollectionViewLoaderTests.swift in Sources */ = {isa = PBXBuildFile; fileRef = 18E6E5A22139922100E455C8 /* CollectionViewLoaderTests.swift */; };
/* End PBXBuildFile section */

/* Begin PBXContainerItemProxy section */
		18E6E59F2139922100E455C8 /* PBXContainerItemProxy */ = {
			isa = PBXContainerItemProxy;
			containerPortal = 18E6E5822139921F00E455C8 /* Project object */;
			proxyType = 1;
			remoteGlobalIDString = 18E6E5892139921F00E455C8;
			remoteInfo = CollectionViewLoader;
		};
/* End PBXContainerItemProxy section */

/* Begin PBXFileReference section */
		18E6E58A2139921F00E455C8 /* CollectionViewLoader.app */ = {isa = PBXFileReference; explicitFileType = wrapper.application; includeInIndex = 0; path = CollectionViewLoader.app; sourceTree = BUILT_PRODUCTS_DIR; };
		18E6E58D2139921F00E455C8 /* AppDelegate.swift */ = {isa = PBXFileReference; lastKnownFileType = sourcecode.swift; path = AppDelegate.swift; sourceTree = "<group>"; };
		18E6E58F2139921F00E455C8 /* ViewController.swift */ = {isa = PBXFileReference; lastKnownFileType = sourcecode.swift; path = ViewController.swift; sourceTree = "<group>"; };
		18E6E5922139921F00E455C8 /* Base */ = {isa = PBXFileReference; lastKnownFileType = file.storyboard; name = Base; path = Base.lproj/Main.storyboard; sourceTree = "<group>"; };
		18E6E5942139922100E455C8 /* Assets.xcassets */ = {isa = PBXFileReference; lastKnownFileType = folder.assetcatalog; path = Assets.xcassets; sourceTree = "<group>"; };
		18E6E5972139922100E455C8 /* Base */ = {isa = PBXFileReference; lastKnownFileType = file.storyboard; name = Base; path = Base.lproj/LaunchScreen.storyboard; sourceTree = "<group>"; };
		18E6E5992139922100E455C8 /* Info.plist */ = {isa = PBXFileReference; lastKnownFileType = text.plist.xml; path = Info.plist; sourceTree = "<group>"; };
		18E6E59E2139922100E455C8 /* CollectionViewLoaderTests.xctest */ = {isa = PBXFileReference; explicitFileType = wrapper.cfbundle; includeInIndex = 0; path = CollectionViewLoaderTests.xctest; sourceTree = BUILT_PRODUCTS_DIR; };
		18E6E5A22139922100E455C8 /* CollectionViewLoaderTests.swift */ = {isa = PBXFileReference; lastKnownFileType = sourcecode.swift; path = CollectionViewLoaderTests.swift; sourceTree = "<group>"; };
		18E6E5A42139922100E455C8 /* Info.plist */ = {isa = PBXFileReference; lastKnownFileType = text.plist.xml; path = Info.plist; sourceTree = "<group>"; };
/* End PBXFileReference section */

/* Begin PBXFrameworksBuildPhase section */
		18E6E5872139921F00E455C8 /* Frameworks */ = {
			isa = PBXFrameworksBuildPhase;
			buildActionMask = 2147483647;
			files = (
			);
			runOnlyForDeploymentPostprocessing = 0;
		};
		18E6E59B2139922100E455C8 /* Frameworks */ = {
			isa = PBXFrameworksBuildPhase;
			buildActionMask = 2147483647;
			files = (
			);
			runOnlyForDeploymentPostprocessing = 0;
		};
/* End PBXFrameworksBuildPhase section */

/* Begin PBXGroup section */
		18E6E5812139921F00E455C8 = {
			isa = PBXGroup;
			children = (
				18E6E58C2139921F00E455C8 /* CollectionViewLoader */,
				18E6E5A12139922100E455C8 /* CollectionViewLoaderTests */,
				18E6E58B2139921F00E455C8 /* Products */,
			);
			sourceTree = "<group>";
		};
		18E6E58B2139921F00E455C8 /* Products */ = {
			isa = PBXGroup;
			children = (
				18E6E58A2139921F00E455C8 /* CollectionViewLoader.app */,
				18E6E59E2139922100E455C8 /* CollectionViewLoaderTests.xctest */,
			);
			name = Products;
			sourceTree = "<group>";
		};
		18E6E58C2139921F00E455C8 /* CollectionViewLoader */ = {
			isa = PBXGroup;
			children = (
				18E6E58D2139921F00E455C8 /* AppDelegate.swift */,
				18E6E58F2139921F00E455C8 /* ViewController.swift */,
				18E6E5912139921F00E455C8 /* Main.storyboard */,
				18E6E5942139922100E455C8 /* Assets.xcassets */,
				18E6E5962139922100E455C8 /* LaunchScreen.storyboard */,
				18E6E5992139922100E455C8 /* Info.plist */,
			);
			path = CollectionViewLoader;
			sourceTree = "<group>";
		};
		18E6E5A12139922100E455C8 /* CollectionViewLoaderTests */ = {
			isa = PBXGroup;
			children = (
				18E6E5A22139922100E455C8 /* CollectionViewLoaderTests.swift */,
				18E6E5A42139922100E455C8 /* Info.plist */,
			);
			path = CollectionViewLoaderTests;
			sourceTree = "<group>";
		};
/* End PBXGroup section */

/* Begin PBXNativeTarget section */
		18E6E5892139921F00E455C8 /* CollectionViewLoader */ = {
			isa = PBXNativeTarget;
			buildConfigurationList = 18E6E5A72139922100E455C8 /* Build configuration list for PBXNativeTarget "CollectionViewLoader" */;
			buildPhases = (
				18E6E5862139921F00E455C8 /* Sources */,
				18E6E5872139921F00E455C8 /* Frameworks */,
				18E6E5882139921F00E455C8 /* Resources */,
			);
			buildRules = (
			);
			dependencies = (
			);
			name = CollectionViewLoader;
			productName = CollectionViewLoader;
			productReference = 18E6E58A2139921F00E455C8 /* CollectionViewLoader.app */;
			productType = "com.apple.product-type.application";
		};
		18E6E59D2139922100E455C8 /* CollectionViewLoaderTests */ = {
			isa = PBXNativeTarget;
			buildConfigurationList = 18E6E5AA2139922100E455C8 /* Build configuration list for PBXNativeTarget "CollectionViewLoaderTests" */;
			buildPhases = (
				18E6E59A2139922100E455C8 /* Sources */,
				18E6E59B2139922100E455C8 /* Frameworks */,
				18E6E59C2139922100E455C8 /* Resources */,
			);
			buildRules = (
			);
			dependencies = (
				18E6E5A02139922100E455C8 /* PBXTargetDependency */,
			);
			name = CollectionViewLoaderTests;
			productName = CollectionViewLoaderTests;
			productReference = 18E6E59E2139922100E455C8 /* CollectionViewLoaderTests.xctest */;
			productType = "com.apple.product-type.bundle.unit-test";
		};
/* End PBXNativeTarget section */

/* Begin PBXProject section */
		18E6E5822139921F00E455C8 /* Project object */ = {
			isa = PBXProject;
			attributes = {
				LastSwiftUpdateCheck = 1000;
				LastUpgradeCheck = 1000;
				ORGANIZATIONNAME = Ananth;
				TargetAttributes = {
					18E6E5892139921F00E455C8 = {
						CreatedOnToolsVersion = 10.0;
					};
					18E6E59D2139922100E455C8 = {
						CreatedOnToolsVersion = 10.0;
						TestTargetID = 18E6E5892139921F00E455C8;
					};
				};
			};
			buildConfigurationList = 18E6E5852139921F00E455C8 /* Build configuration list for PBXProject "CollectionViewLoader" */;
			compatibilityVersion = "Xcode 9.3";
			developmentRegion = en;
			hasScannedForEncodings = 0;
			knownRegions = (
				en,
				Base,
			);
			mainGroup = 18E6E5812139921F00E455C8;
			productRefGroup = 18E6E58B2139921F00E455C8 /* Products */;
			projectDirPath = "";
			projectRoot = "";
			targets = (
				18E6E5892139921F00E455C8 /* CollectionViewLoader */,
				18E6E59D2139922100E455C8 /* CollectionViewLoaderTests */,
			);
		};
/* End PBXProject section */

/* Begin PBXResourcesBuildPhase section */
		18E6E5882139921F00E455C8 /* Resources */ = {
			isa = PBXResourcesBuildPhase;
			buildActionMask = 2147483647;
			files = (
				18E6E5982139922100E455C8 /* LaunchScreen.storyboard in Resources */,
				18E6E5952139922100E455C8 /* Assets.xcassets in Resources */,
				18E6E5932139921F00E455C8 /* Main.storyboard in Resources */,
			);
			runOnlyForDeploymentPostprocessing = 0;
		};
		18E6E59C2139922100E455C8 /* Resources */ = {
			isa = PBXResourcesBuildPhase;
			buildActionMask = 2147483647;
			files = (
			);
			runOnlyForDeploymentPostprocessing = 0;
		};
/* End PBXResourcesBuildPhase section */

/* Begin PBXSourcesBuildPhase section */
		18E6E5862139921F00E455C8 /* Sources */ = {
			isa = PBXSourcesBuildPhase;
			buildActionMask = 2147483647;
			files = (
				18E6E5902139921F00E455C8 /* ViewController.swift in Sources */,
				18E6E58E2139921F00E455C8 /* AppDelegate.swift in Sources */,
			);
			runOnlyForDeploymentPostprocessing = 0;
		};
		18E6E59A2139922100E455C8 /* Sources */ = {
			isa = PBXSourcesBuildPhase;
			buildActionMask = 2147483647;
			files = (
				18E6E5A32139922100E455C8 /* CollectionViewLoaderTests.swift in Sources */,
			);
			runOnlyForDeploymentPostprocessing = 0;
		};
/* End PBXSourcesBuildPhase section */

/* Begin PBXTargetDependency section */
		18E6E5A02139922100E455C8 /* PBXTargetDependency */ = {
			isa = PBXTargetDependency;
			target = 18E6E5892139921F00E455C8 /* CollectionViewLoader */;
			targetProxy = 18E6E59F2139922100E455C8 /* PBXContainerItemProxy */;
		};
/* End PBXTargetDependency section */

/* Begin PBXVariantGroup section */
		18E6E5912139921F00E455C8 /* Main.storyboard */ = {
			isa = PBXVariantGroup;
			children = (
				18E6E5922139921F00E455C8 /* Base */,
			);
			name = Main.storyboard;
			sourceTree = "<group>";
		};
		18E6E5962139922100E455C8 /* LaunchScreen.storyboard */ = {
			isa = PBXVariantGroup;
			children = (
				18E6E5972139922100E455C8 /* Base */,
			);
			name = LaunchScreen.storyboard;
			sourceTree = "<group>";
		};
/* End PBXVariantGroup section */

/* Begin XCBuildConfiguration section */
		18E6E5A52139922100E455C8 /* Debug */ = {
			isa = XCBuildConfiguration;
			buildSettings = {
				ALWAYS_SEARCH_USER_PATHS = NO;
				CLANG_ANALYZER_NONNULL = YES;
				CLANG_ANALYZER_NUMBER_OBJECT_CONVERSION = YES_AGGRESSIVE;
				CLANG_CXX_LANGUAGE_STANDARD = "gnu++14";
				CLANG_CXX_LIBRARY = "libc++";
				CLANG_ENABLE_MODULES = YES;
				CLANG_ENABLE_OBJC_ARC = YES;
				CLANG_ENABLE_OBJC_WEAK = YES;
				CLANG_WARN_BLOCK_CAPTURE_AUTORELEASING = YES;
				CLANG_WARN_BOOL_CONVERSION = YES;
				CLANG_WARN_COMMA = YES;
				CLANG_WARN_CONSTANT_CONVERSION = YES;
				CLANG_WARN_DEPRECATED_OBJC_IMPLEMENTATIONS = YES;
				CLANG_WARN_DIRECT_OBJC_ISA_USAGE = YES_ERROR;
				CLANG_WARN_DOCUMENTATION_COMMENTS = YES;
				CLANG_WARN_EMPTY_BODY = YES;
				CLANG_WARN_ENUM_CONVERSION = YES;
				CLANG_WARN_INFINITE_RECURSION = YES;
				CLANG_WARN_INT_CONVERSION = YES;
				CLANG_WARN_NON_LITERAL_NULL_CONVERSION = YES;
				CLANG_WARN_OBJC_IMPLICIT_RETAIN_SELF = YES;
				CLANG_WARN_OBJC_LITERAL_CONVERSION = YES;
				CLANG_WARN_OBJC_ROOT_CLASS = YES_ERROR;
				CLANG_WARN_RANGE_LOOP_ANALYSIS = YES;
				CLANG_WARN_STRICT_PROTOTYPES = YES;
				CLANG_WARN_SUSPICIOUS_MOVE = YES;
				CLANG_WARN_UNGUARDED_AVAILABILITY = YES_AGGRESSIVE;
				CLANG_WARN_UNREACHABLE_CODE = YES;
				CLANG_WARN__DUPLICATE_METHOD_MATCH = YES;
				CODE_SIGN_IDENTITY = "iPhone Developer";
				COPY_PHASE_STRIP = NO;
				DEBUG_INFORMATION_FORMAT = dwarf;
				ENABLE_STRICT_OBJC_MSGSEND = YES;
				ENABLE_TESTABILITY = YES;
				GCC_C_LANGUAGE_STANDARD = gnu11;
				GCC_DYNAMIC_NO_PIC = NO;
				GCC_NO_COMMON_BLOCKS = YES;
				GCC_OPTIMIZATION_LEVEL = 0;
				GCC_PREPROCESSOR_DEFINITIONS = (
					"DEBUG=1",
					"$(inherited)",
				);
				GCC_WARN_64_TO_32_BIT_CONVERSION = YES;
				GCC_WARN_ABOUT_RETURN_TYPE = YES_ERROR;
				GCC_WARN_UNDECLARED_SELECTOR = YES;
				GCC_WARN_UNINITIALIZED_AUTOS = YES_AGGRESSIVE;
				GCC_WARN_UNUSED_FUNCTION = YES;
				GCC_WARN_UNUSED_VARIABLE = YES;
				IPHONEOS_DEPLOYMENT_TARGET = 12.0;
				MTL_ENABLE_DEBUG_INFO = INCLUDE_SOURCE;
				MTL_FAST_MATH = YES;
				ONLY_ACTIVE_ARCH = YES;
				SDKROOT = iphoneos;
				SWIFT_ACTIVE_COMPILATION_CONDITIONS = DEBUG;
				SWIFT_OPTIMIZATION_LEVEL = "-Onone";
			};
			name = Debug;
		};
		18E6E5A62139922100E455C8 /* Release */ = {
			isa = XCBuildConfiguration;
			buildSettings = {
				ALWAYS_SEARCH_USER_PATHS = NO;
				CLANG_ANALYZER_NONNULL = YES;
				CLANG_ANALYZER_NUMBER_OBJECT_CONVERSION = YES_AGGRESSIVE;
				CLANG_CXX_LANGUAGE_STANDARD = "gnu++14";
				CLANG_CXX_LIBRARY = "libc++";
				CLANG_ENABLE_MODULES = YES;
				CLANG_ENABLE_OBJC_ARC = YES;
				CLANG_ENABLE_OBJC_WEAK = YES;
				CLANG_WARN_BLOCK_CAPTURE_AUTORELEASING = YES;
				CLANG_WARN_BOOL_CONVERSION = YES;
				CLANG_WARN_COMMA = YES;
				CLANG_WARN_CONSTANT_CONVERSION = YES;
				CLANG_WARN_DEPRECATED_OBJC_IMPLEMENTATIONS = YES;
				CLANG_WARN_DIRECT_OBJC_ISA_USAGE = YES_ERROR;
				CLANG_WARN_DOCUMENTATION_COMMENTS = YES;
				CLANG_WARN_EMPTY_BODY = YES;
				CLANG_WARN_ENUM_CONVERSION = YES;
				CLANG_WARN_INFINITE_RECURSION = YES;
				CLANG_WARN_INT_CONVERSION = YES;
				CLANG_WARN_NON_LITERAL_NULL_CONVERSION = YES;
				CLANG_WARN_OBJC_IMPLICIT_RETAIN_SELF = YES;
				CLANG_WARN_OBJC_LITERAL_CONVERSION = YES;
				CLANG_WARN_OBJC_ROOT_CLASS = YES_ERROR;
				CLANG_WARN_RANGE_LOOP_ANALYSIS = YES;
				CLANG_WARN_STRICT_PROTOTYPES = YES;
				CLANG_WARN_SUSPICIOUS_MOVE = YES;
				CLANG_WARN_UNGUARDED_AVAILABILITY = YES_AGGRESSIVE;
				CLANG_WARN_UNREACHABLE_CODE = YES;
				CLANG_WARN__DUPLICATE_METHOD_MATCH = YES;
				CODE_SIGN_IDENTITY = "iPhone Developer";
				COPY_PHASE_STRIP = NO;
				DEBUG_INFORMATION_FORMAT = "dwarf-with-dsym";
				ENABLE_NS_ASSERTIONS = NO;
				ENABLE_STRICT_OBJC_MSGSEND = YES;
				GCC_C_LANGUAGE_STANDARD = gnu11;
				GCC_NO_COMMON_BLOCKS = YES;
				GCC_WARN_64_TO_32_BIT_CONVERSION = YES;
				GCC_WARN_ABOUT_RETURN_TYPE = YES_ERROR;
				GCC_WARN_UNDECLARED_SELECTOR = YES;
				GCC_WARN_UNINITIALIZED_AUTOS = YES_AGGRESSIVE;
				GCC_WARN_UNUSED_FUNCTION = YES;
				GCC_WARN_UNUSED_VARIABLE = YES;
				IPHONEOS_DEPLOYMENT_TARGET = 12.0;
				MTL_ENABLE_DEBUG_INFO = NO;
				MTL_FAST_MATH = YES;
				SDKROOT = iphoneos;
				SWIFT_COMPILATION_MODE = wholemodule;
				SWIFT_OPTIMIZATION_LEVEL = "-O";
				VALIDATE_PRODUCT = YES;
			};
			name = Release;
		};
		18E6E5A82139922100E455C8 /* Debug */ = {
			isa = XCBuildConfiguration;
			buildSettings = {
				ASSETCATALOG_COMPILER_APPICON_NAME = AppIcon;
				CODE_SIGN_STYLE = Automatic;
				DEVELOPMENT_TEAM = K588M45ZA4;
				INFOPLIST_FILE = CollectionViewLoader/Info.plist;
				LD_RUNPATH_SEARCH_PATHS = (
					"$(inherited)",
					"@executable_path/Frameworks",
				);
				PRODUCT_BUNDLE_IDENTIFIER = com.CloudTesnor.CollectionViewLoader;
				PRODUCT_NAME = "$(TARGET_NAME)";
				SWIFT_VERSION = 4.2;
				TARGETED_DEVICE_FAMILY = "1,2";
			};
			name = Debug;
		};
		18E6E5A92139922100E455C8 /* Release */ = {
			isa = XCBuildConfiguration;
			buildSettings = {
				ASSETCATALOG_COMPILER_APPICON_NAME = AppIcon;
				CODE_SIGN_STYLE = Automatic;
				DEVELOPMENT_TEAM = K588M45ZA4;
				INFOPLIST_FILE = CollectionViewLoader/Info.plist;
				LD_RUNPATH_SEARCH_PATHS = (
					"$(inherited)",
					"@executable_path/Frameworks",
				);
				PRODUCT_BUNDLE_IDENTIFIER = com.CloudTesnor.CollectionViewLoader;
				PRODUCT_NAME = "$(TARGET_NAME)";
				SWIFT_VERSION = 4.2;
				TARGETED_DEVICE_FAMILY = "1,2";
			};
			name = Release;
		};
		18E6E5AB2139922100E455C8 /* Debug */ = {
			isa = XCBuildConfiguration;
			buildSettings = {
				ALWAYS_EMBED_SWIFT_STANDARD_LIBRARIES = YES;
				BUNDLE_LOADER = "$(TEST_HOST)";
				CODE_SIGN_STYLE = Automatic;
				DEVELOPMENT_TEAM = K588M45ZA4;
				INFOPLIST_FILE = CollectionViewLoaderTests/Info.plist;
				LD_RUNPATH_SEARCH_PATHS = (
					"$(inherited)",
					"@executable_path/Frameworks",
					"@loader_path/Frameworks",
				);
				PRODUCT_BUNDLE_IDENTIFIER = com.CloudTesnor.CollectionViewLoaderTests;
				PRODUCT_NAME = "$(TARGET_NAME)";
				SWIFT_VERSION = 4.2;
				TARGETED_DEVICE_FAMILY = "1,2";
				TEST_HOST = "$(BUILT_PRODUCTS_DIR)/CollectionViewLoader.app/CollectionViewLoader";
			};
			name = Debug;
		};
		18E6E5AC2139922100E455C8 /* Release */ = {
			isa = XCBuildConfiguration;
			buildSettings = {
				ALWAYS_EMBED_SWIFT_STANDARD_LIBRARIES = YES;
				BUNDLE_LOADER = "$(TEST_HOST)";
				CODE_SIGN_STYLE = Automatic;
				DEVELOPMENT_TEAM = K588M45ZA4;
				INFOPLIST_FILE = CollectionViewLoaderTests/Info.plist;
				LD_RUNPATH_SEARCH_PATHS = (
					"$(inherited)",
					"@executable_path/Frameworks",
					"@loader_path/Frameworks",
				);
				PRODUCT_BUNDLE_IDENTIFIER = com.CloudTesnor.CollectionViewLoaderTests;
				PRODUCT_NAME = "$(TARGET_NAME)";
				SWIFT_VERSION = 4.2;
				TARGETED_DEVICE_FAMILY = "1,2";
				TEST_HOST = "$(BUILT_PRODUCTS_DIR)/CollectionViewLoader.app/CollectionViewLoader";
			};
			name = Release;
		};
/* End XCBuildConfiguration section */

/* Begin XCConfigurationList section */
		18E6E5852139921F00E455C8 /* Build configuration list for PBXProject "CollectionViewLoader" */ = {
			isa = XCConfigurationList;
			buildConfigurations = (
				18E6E5A52139922100E455C8 /* Debug */,
				18E6E5A62139922100E455C8 /* Release */,
			);
			defaultConfigurationIsVisible = 0;
			defaultConfigurationName = Release;
		};
		18E6E5A72139922100E455C8 /* Build configuration list for PBXNativeTarget "CollectionViewLoader" */ = {
			isa = XCConfigurationList;
			buildConfigurations = (
				18E6E5A82139922100E455C8 /* Debug */,
				18E6E5A92139922100E455C8 /* Release */,
			);
			defaultConfigurationIsVisible = 0;
			defaultConfigurationName = Release;
		};
		18E6E5AA2139922100E455C8 /* Build configuration list for PBXNativeTarget "CollectionViewLoaderTests" */ = {
			isa = XCConfigurationList;
			buildConfigurations = (
				18E6E5AB2139922100E455C8 /* Debug */,
				18E6E5AC2139922100E455C8 /* Release */,
			);
			defaultConfigurationIsVisible = 0;
			defaultConfigurationName = Release;
		};
/* End XCConfigurationList section */
	};
	rootObject = 18E6E5822139921F00E455C8 /* Project object */;
}
