// !$*UTF8*$!
{
	archiveVersion = 1;
	classes = {
	};
	objectVersion = 50;
	objects = {

/* Begin PBXBuildFile section */
		1806A9772135A3BB00BA2301 /* AppDelegate.swift in Sources */ = {isa = PBXBuildFile; fileRef = 1806A9762135A3BB00BA2301 /* AppDelegate.swift */; };
		1806A9792135A3BB00BA2301 /* ViewController.swift in Sources */ = {isa = PBXBuildFile; fileRef = 1806A9782135A3BB00BA2301 /* ViewController.swift */; };
		1806A97C2135A3BB00BA2301 /* Main.storyboard in Resources */ = {isa = PBXBuildFile; fileRef = 1806A97A2135A3BB00BA2301 /* Main.storyboard */; };
		1806A97E2135A3BD00BA2301 /* Assets.xcassets in Resources */ = {isa = PBXBuildFile; fileRef = 1806A97D2135A3BD00BA2301 /* Assets.xcassets */; };
		1806A9812135A3BD00BA2301 /* LaunchScreen.storyboard in Resources */ = {isa = PBXBuildFile; fileRef = 1806A97F2135A3BD00BA2301 /* LaunchScreen.storyboard */; };
		1806A98C2135A3BD00BA2301 /* LoginPageAnimationTests.swift in Sources */ = {isa = PBXBuildFile; fileRef = 1806A98B2135A3BD00BA2301 /* LoginPageAnimationTests.swift */; };
/* End PBXBuildFile section */

/* Begin PBXContainerItemProxy section */
		1806A9882135A3BD00BA2301 /* PBXContainerItemProxy */ = {
			isa = PBXContainerItemProxy;
			containerPortal = 1806A96B2135A3BB00BA2301 /* Project object */;
			proxyType = 1;
			remoteGlobalIDString = 1806A9722135A3BB00BA2301;
			remoteInfo = LoginPageAnimation;
		};
/* End PBXContainerItemProxy section */

/* Begin PBXFileReference section */
		1806A9732135A3BB00BA2301 /* LoginPageAnimation.app */ = {isa = PBXFileReference; explicitFileType = wrapper.application; includeInIndex = 0; path = LoginPageAnimation.app; sourceTree = BUILT_PRODUCTS_DIR; };
		1806A9762135A3BB00BA2301 /* AppDelegate.swift */ = {isa = PBXFileReference; lastKnownFileType = sourcecode.swift; path = AppDelegate.swift; sourceTree = "<group>"; };
		1806A9782135A3BB00BA2301 /* ViewController.swift */ = {isa = PBXFileReference; lastKnownFileType = sourcecode.swift; path = ViewController.swift; sourceTree = "<group>"; };
		1806A97B2135A3BB00BA2301 /* Base */ = {isa = PBXFileReference; lastKnownFileType = file.storyboard; name = Base; path = Base.lproj/Main.storyboard; sourceTree = "<group>"; };
		1806A97D2135A3BD00BA2301 /* Assets.xcassets */ = {isa = PBXFileReference; lastKnownFileType = folder.assetcatalog; path = Assets.xcassets; sourceTree = "<group>"; };
		1806A9802135A3BD00BA2301 /* Base */ = {isa = PBXFileReference; lastKnownFileType = file.storyboard; name = Base; path = Base.lproj/LaunchScreen.storyboard; sourceTree = "<group>"; };
		1806A9822135A3BD00BA2301 /* Info.plist */ = {isa = PBXFileReference; lastKnownFileType = text.plist.xml; path = Info.plist; sourceTree = "<group>"; };
		1806A9872135A3BD00BA2301 /* LoginPageAnimationTests.xctest */ = {isa = PBXFileReference; explicitFileType = wrapper.cfbundle; includeInIndex = 0; path = LoginPageAnimationTests.xctest; sourceTree = BUILT_PRODUCTS_DIR; };
		1806A98B2135A3BD00BA2301 /* LoginPageAnimationTests.swift */ = {isa = PBXFileReference; lastKnownFileType = sourcecode.swift; path = LoginPageAnimationTests.swift; sourceTree = "<group>"; };
		1806A98D2135A3BD00BA2301 /* Info.plist */ = {isa = PBXFileReference; lastKnownFileType = text.plist.xml; path = Info.plist; sourceTree = "<group>"; };
/* End PBXFileReference section */

/* Begin PBXFrameworksBuildPhase section */
		1806A9702135A3BB00BA2301 /* Frameworks */ = {
			isa = PBXFrameworksBuildPhase;
			buildActionMask = 2147483647;
			files = (
			);
			runOnlyForDeploymentPostprocessing = 0;
		};
		1806A9842135A3BD00BA2301 /* Frameworks */ = {
			isa = PBXFrameworksBuildPhase;
			buildActionMask = 2147483647;
			files = (
			);
			runOnlyForDeploymentPostprocessing = 0;
		};
/* End PBXFrameworksBuildPhase section */

/* Begin PBXGroup section */
		1806A96A2135A3BB00BA2301 = {
			isa = PBXGroup;
			children = (
				1806A9752135A3BB00BA2301 /* LoginPageAnimation */,
				1806A98A2135A3BD00BA2301 /* LoginPageAnimationTests */,
				1806A9742135A3BB00BA2301 /* Products */,
			);
			sourceTree = "<group>";
		};
		1806A9742135A3BB00BA2301 /* Products */ = {
			isa = PBXGroup;
			children = (
				1806A9732135A3BB00BA2301 /* LoginPageAnimation.app */,
				1806A9872135A3BD00BA2301 /* LoginPageAnimationTests.xctest */,
			);
			name = Products;
			sourceTree = "<group>";
		};
		1806A9752135A3BB00BA2301 /* LoginPageAnimation */ = {
			isa = PBXGroup;
			children = (
				1806A9762135A3BB00BA2301 /* AppDelegate.swift */,
				1806A9782135A3BB00BA2301 /* ViewController.swift */,
				1806A97A2135A3BB00BA2301 /* Main.storyboard */,
				1806A97D2135A3BD00BA2301 /* Assets.xcassets */,
				1806A97F2135A3BD00BA2301 /* LaunchScreen.storyboard */,
				1806A9822135A3BD00BA2301 /* Info.plist */,
			);
			path = LoginPageAnimation;
			sourceTree = "<group>";
		};
		1806A98A2135A3BD00BA2301 /* LoginPageAnimationTests */ = {
			isa = PBXGroup;
			children = (
				1806A98B2135A3BD00BA2301 /* LoginPageAnimationTests.swift */,
				1806A98D2135A3BD00BA2301 /* Info.plist */,
			);
			path = LoginPageAnimationTests;
			sourceTree = "<group>";
		};
/* End PBXGroup section */

/* Begin PBXNativeTarget section */
		1806A9722135A3BB00BA2301 /* LoginPageAnimation */ = {
			isa = PBXNativeTarget;
			buildConfigurationList = 1806A9902135A3BE00BA2301 /* Build configuration list for PBXNativeTarget "LoginPageAnimation" */;
			buildPhases = (
				1806A96F2135A3BB00BA2301 /* Sources */,
				1806A9702135A3BB00BA2301 /* Frameworks */,
				1806A9712135A3BB00BA2301 /* Resources */,
			);
			buildRules = (
			);
			dependencies = (
			);
			name = LoginPageAnimation;
			productName = LoginPageAnimation;
			productReference = 1806A9732135A3BB00BA2301 /* LoginPageAnimation.app */;
			productType = "com.apple.product-type.application";
		};
		1806A9862135A3BD00BA2301 /* LoginPageAnimationTests */ = {
			isa = PBXNativeTarget;
			buildConfigurationList = 1806A9932135A3BE00BA2301 /* Build configuration list for PBXNativeTarget "LoginPageAnimationTests" */;
			buildPhases = (
				1806A9832135A3BD00BA2301 /* Sources */,
				1806A9842135A3BD00BA2301 /* Frameworks */,
				1806A9852135A3BD00BA2301 /* Resources */,
			);
			buildRules = (
			);
			dependencies = (
				1806A9892135A3BD00BA2301 /* PBXTargetDependency */,
			);
			name = LoginPageAnimationTests;
			productName = LoginPageAnimationTests;
			productReference = 1806A9872135A3BD00BA2301 /* LoginPageAnimationTests.xctest */;
			productType = "com.apple.product-type.bundle.unit-test";
		};
/* End PBXNativeTarget section */

/* Begin PBXProject section */
		1806A96B2135A3BB00BA2301 /* Project object */ = {
			isa = PBXProject;
			attributes = {
				LastSwiftUpdateCheck = 1000;
				LastUpgradeCheck = 1000;
				ORGANIZATIONNAME = Ananth;
				TargetAttributes = {
					1806A9722135A3BB00BA2301 = {
						CreatedOnToolsVersion = 10.0;
					};
					1806A9862135A3BD00BA2301 = {
						CreatedOnToolsVersion = 10.0;
						TestTargetID = 1806A9722135A3BB00BA2301;
					};
				};
			};
			buildConfigurationList = 1806A96E2135A3BB00BA2301 /* Build configuration list for PBXProject "LoginPageAnimation" */;
			compatibilityVersion = "Xcode 9.3";
			developmentRegion = en;
			hasScannedForEncodings = 0;
			knownRegions = (
				en,
				Base,
			);
			mainGroup = 1806A96A2135A3BB00BA2301;
			productRefGroup = 1806A9742135A3BB00BA2301 /* Products */;
			projectDirPath = "";
			projectRoot = "";
			targets = (
				1806A9722135A3BB00BA2301 /* LoginPageAnimation */,
				1806A9862135A3BD00BA2301 /* LoginPageAnimationTests */,
			);
		};
/* End PBXProject section */

/* Begin PBXResourcesBuildPhase section */
		1806A9712135A3BB00BA2301 /* Resources */ = {
			isa = PBXResourcesBuildPhase;
			buildActionMask = 2147483647;
			files = (
				1806A9812135A3BD00BA2301 /* LaunchScreen.storyboard in Resources */,
				1806A97E2135A3BD00BA2301 /* Assets.xcassets in Resources */,
				1806A97C2135A3BB00BA2301 /* Main.storyboard in Resources */,
			);
			runOnlyForDeploymentPostprocessing = 0;
		};
		1806A9852135A3BD00BA2301 /* Resources */ = {
			isa = PBXResourcesBuildPhase;
			buildActionMask = 2147483647;
			files = (
			);
			runOnlyForDeploymentPostprocessing = 0;
		};
/* End PBXResourcesBuildPhase section */

/* Begin PBXSourcesBuildPhase section */
		1806A96F2135A3BB00BA2301 /* Sources */ = {
			isa = PBXSourcesBuildPhase;
			buildActionMask = 2147483647;
			files = (
				1806A9792135A3BB00BA2301 /* ViewController.swift in Sources */,
				1806A9772135A3BB00BA2301 /* AppDelegate.swift in Sources */,
			);
			runOnlyForDeploymentPostprocessing = 0;
		};
		1806A9832135A3BD00BA2301 /* Sources */ = {
			isa = PBXSourcesBuildPhase;
			buildActionMask = 2147483647;
			files = (
				1806A98C2135A3BD00BA2301 /* LoginPageAnimationTests.swift in Sources */,
			);
			runOnlyForDeploymentPostprocessing = 0;
		};
/* End PBXSourcesBuildPhase section */

/* Begin PBXTargetDependency section */
		1806A9892135A3BD00BA2301 /* PBXTargetDependency */ = {
			isa = PBXTargetDependency;
			target = 1806A9722135A3BB00BA2301 /* LoginPageAnimation */;
			targetProxy = 1806A9882135A3BD00BA2301 /* PBXContainerItemProxy */;
		};
/* End PBXTargetDependency section */

/* Begin PBXVariantGroup section */
		1806A97A2135A3BB00BA2301 /* Main.storyboard */ = {
			isa = PBXVariantGroup;
			children = (
				1806A97B2135A3BB00BA2301 /* Base */,
			);
			name = Main.storyboard;
			sourceTree = "<group>";
		};
		1806A97F2135A3BD00BA2301 /* LaunchScreen.storyboard */ = {
			isa = PBXVariantGroup;
			children = (
				1806A9802135A3BD00BA2301 /* Base */,
			);
			name = LaunchScreen.storyboard;
			sourceTree = "<group>";
		};
/* End PBXVariantGroup section */

/* Begin XCBuildConfiguration section */
		1806A98E2135A3BD00BA2301 /* Debug */ = {
			isa = XCBuildConfiguration;
			buildSettings = {
				ALWAYS_SEARCH_USER_PATHS = NO;
				CLANG_ANALYZER_NONNULL = YES;
				CLANG_ANALYZER_NUMBER_OBJECT_CONVERSION = YES_AGGRESSIVE;
				CLANG_CXX_LANGUAGE_STANDARD = "gnu++14";
				CLANG_CXX_LIBRARY = "libc++";
				CLANG_ENABLE_MODULES = YES;
				CLANG_ENABLE_OBJC_ARC = YES;
				CLANG_ENABLE_OBJC_WEAK = YES;
				CLANG_WARN_BLOCK_CAPTURE_AUTORELEASING = YES;
				CLANG_WARN_BOOL_CONVERSION = YES;
				CLANG_WARN_COMMA = YES;
				CLANG_WARN_CONSTANT_CONVERSION = YES;
				CLANG_WARN_DEPRECATED_OBJC_IMPLEMENTATIONS = YES;
				CLANG_WARN_DIRECT_OBJC_ISA_USAGE = YES_ERROR;
				CLANG_WARN_DOCUMENTATION_COMMENTS = YES;
				CLANG_WARN_EMPTY_BODY = YES;
				CLANG_WARN_ENUM_CONVERSION = YES;
				CLANG_WARN_INFINITE_RECURSION = YES;
				CLANG_WARN_INT_CONVERSION = YES;
				CLANG_WARN_NON_LITERAL_NULL_CONVERSION = YES;
				CLANG_WARN_OBJC_IMPLICIT_RETAIN_SELF = YES;
				CLANG_WARN_OBJC_LITERAL_CONVERSION = YES;
				CLANG_WARN_OBJC_ROOT_CLASS = YES_ERROR;
				CLANG_WARN_RANGE_LOOP_ANALYSIS = YES;
				CLANG_WARN_STRICT_PROTOTYPES = YES;
				CLANG_WARN_SUSPICIOUS_MOVE = YES;
				CLANG_WARN_UNGUARDED_AVAILABILITY = YES_AGGRESSIVE;
				CLANG_WARN_UNREACHABLE_CODE = YES;
				CLANG_WARN__DUPLICATE_METHOD_MATCH = YES;
				CODE_SIGN_IDENTITY = "iPhone Developer";
				COPY_PHASE_STRIP = NO;
				DEBUG_INFORMATION_FORMAT = dwarf;
				ENABLE_STRICT_OBJC_MSGSEND = YES;
				ENABLE_TESTABILITY = YES;
				GCC_C_LANGUAGE_STANDARD = gnu11;
				GCC_DYNAMIC_NO_PIC = NO;
				GCC_NO_COMMON_BLOCKS = YES;
				GCC_OPTIMIZATION_LEVEL = 0;
				GCC_PREPROCESSOR_DEFINITIONS = (
					"DEBUG=1",
					"$(inherited)",
				);
				GCC_WARN_64_TO_32_BIT_CONVERSION = YES;
				GCC_WARN_ABOUT_RETURN_TYPE = YES_ERROR;
				GCC_WARN_UNDECLARED_SELECTOR = YES;
				GCC_WARN_UNINITIALIZED_AUTOS = YES_AGGRESSIVE;
				GCC_WARN_UNUSED_FUNCTION = YES;
				GCC_WARN_UNUSED_VARIABLE = YES;
				IPHONEOS_DEPLOYMENT_TARGET = 12.0;
				MTL_ENABLE_DEBUG_INFO = INCLUDE_SOURCE;
				MTL_FAST_MATH = YES;
				ONLY_ACTIVE_ARCH = YES;
				SDKROOT = iphoneos;
				SWIFT_ACTIVE_COMPILATION_CONDITIONS = DEBUG;
				SWIFT_OPTIMIZATION_LEVEL = "-Onone";
			};
			name = Debug;
		};
		1806A98F2135A3BE00BA2301 /* Release */ = {
			isa = XCBuildConfiguration;
			buildSettings = {
				ALWAYS_SEARCH_USER_PATHS = NO;
				CLANG_ANALYZER_NONNULL = YES;
				CLANG_ANALYZER_NUMBER_OBJECT_CONVERSION = YES_AGGRESSIVE;
				CLANG_CXX_LANGUAGE_STANDARD = "gnu++14";
				CLANG_CXX_LIBRARY = "libc++";
				CLANG_ENABLE_MODULES = YES;
				CLANG_ENABLE_OBJC_ARC = YES;
				CLANG_ENABLE_OBJC_WEAK = YES;
				CLANG_WARN_BLOCK_CAPTURE_AUTORELEASING = YES;
				CLANG_WARN_BOOL_CONVERSION = YES;
				CLANG_WARN_COMMA = YES;
				CLANG_WARN_CONSTANT_CONVERSION = YES;
				CLANG_WARN_DEPRECATED_OBJC_IMPLEMENTATIONS = YES;
				CLANG_WARN_DIRECT_OBJC_ISA_USAGE = YES_ERROR;
				CLANG_WARN_DOCUMENTATION_COMMENTS = YES;
				CLANG_WARN_EMPTY_BODY = YES;
				CLANG_WARN_ENUM_CONVERSION = YES;
				CLANG_WARN_INFINITE_RECURSION = YES;
				CLANG_WARN_INT_CONVERSION = YES;
				CLANG_WARN_NON_LITERAL_NULL_CONVERSION = YES;
				CLANG_WARN_OBJC_IMPLICIT_RETAIN_SELF = YES;
				CLANG_WARN_OBJC_LITERAL_CONVERSION = YES;
				CLANG_WARN_OBJC_ROOT_CLASS = YES_ERROR;
				CLANG_WARN_RANGE_LOOP_ANALYSIS = YES;
				CLANG_WARN_STRICT_PROTOTYPES = YES;
				CLANG_WARN_SUSPICIOUS_MOVE = YES;
				CLANG_WARN_UNGUARDED_AVAILABILITY = YES_AGGRESSIVE;
				CLANG_WARN_UNREACHABLE_CODE = YES;
				CLANG_WARN__DUPLICATE_METHOD_MATCH = YES;
				CODE_SIGN_IDENTITY = "iPhone Developer";
				COPY_PHASE_STRIP = NO;
				DEBUG_INFORMATION_FORMAT = "dwarf-with-dsym";
				ENABLE_NS_ASSERTIONS = NO;
				ENABLE_STRICT_OBJC_MSGSEND = YES;
				GCC_C_LANGUAGE_STANDARD = gnu11;
				GCC_NO_COMMON_BLOCKS = YES;
				GCC_WARN_64_TO_32_BIT_CONVERSION = YES;
				GCC_WARN_ABOUT_RETURN_TYPE = YES_ERROR;
				GCC_WARN_UNDECLARED_SELECTOR = YES;
				GCC_WARN_UNINITIALIZED_AUTOS = YES_AGGRESSIVE;
				GCC_WARN_UNUSED_FUNCTION = YES;
				GCC_WARN_UNUSED_VARIABLE = YES;
				IPHONEOS_DEPLOYMENT_TARGET = 12.0;
				MTL_ENABLE_DEBUG_INFO = NO;
				MTL_FAST_MATH = YES;
				SDKROOT = iphoneos;
				SWIFT_COMPILATION_MODE = wholemodule;
				SWIFT_OPTIMIZATION_LEVEL = "-O";
				VALIDATE_PRODUCT = YES;
			};
			name = Release;
		};
		1806A9912135A3BE00BA2301 /* Debug */ = {
			isa = XCBuildConfiguration;
			buildSettings = {
				ASSETCATALOG_COMPILER_APPICON_NAME = AppIcon;
				CODE_SIGN_STYLE = Automatic;
				DEVELOPMENT_TEAM = K588M45ZA4;
				INFOPLIST_FILE = LoginPageAnimation/Info.plist;
				LD_RUNPATH_SEARCH_PATHS = (
					"$(inherited)",
					"@executable_path/Frameworks",
				);
				PRODUCT_BUNDLE_IDENTIFIER = com.CloudTesnor.LoginPageAnimation;
				PRODUCT_NAME = "$(TARGET_NAME)";
				SWIFT_VERSION = 4.2;
				TARGETED_DEVICE_FAMILY = "1,2";
			};
			name = Debug;
		};
		1806A9922135A3BE00BA2301 /* Release */ = {
			isa = XCBuildConfiguration;
			buildSettings = {
				ASSETCATALOG_COMPILER_APPICON_NAME = AppIcon;
				CODE_SIGN_STYLE = Automatic;
				DEVELOPMENT_TEAM = K588M45ZA4;
				INFOPLIST_FILE = LoginPageAnimation/Info.plist;
				LD_RUNPATH_SEARCH_PATHS = (
					"$(inherited)",
					"@executable_path/Frameworks",
				);
				PRODUCT_BUNDLE_IDENTIFIER = com.CloudTesnor.LoginPageAnimation;
				PRODUCT_NAME = "$(TARGET_NAME)";
				SWIFT_VERSION = 4.2;
				TARGETED_DEVICE_FAMILY = "1,2";
			};
			name = Release;
		};
		1806A9942135A3BE00BA2301 /* Debug */ = {
			isa = XCBuildConfiguration;
			buildSettings = {
				ALWAYS_EMBED_SWIFT_STANDARD_LIBRARIES = YES;
				BUNDLE_LOADER = "$(TEST_HOST)";
				CODE_SIGN_STYLE = Automatic;
				DEVELOPMENT_TEAM = K588M45ZA4;
				INFOPLIST_FILE = LoginPageAnimationTests/Info.plist;
				LD_RUNPATH_SEARCH_PATHS = (
					"$(inherited)",
					"@executable_path/Frameworks",
					"@loader_path/Frameworks",
				);
				PRODUCT_BUNDLE_IDENTIFIER = com.CloudTesnor.LoginPageAnimationTests;
				PRODUCT_NAME = "$(TARGET_NAME)";
				SWIFT_VERSION = 4.2;
				TARGETED_DEVICE_FAMILY = "1,2";
				TEST_HOST = "$(BUILT_PRODUCTS_DIR)/LoginPageAnimation.app/LoginPageAnimation";
			};
			name = Debug;
		};
		1806A9952135A3BE00BA2301 /* Release */ = {
			isa = XCBuildConfiguration;
			buildSettings = {
				ALWAYS_EMBED_SWIFT_STANDARD_LIBRARIES = YES;
				BUNDLE_LOADER = "$(TEST_HOST)";
				CODE_SIGN_STYLE = Automatic;
				DEVELOPMENT_TEAM = K588M45ZA4;
				INFOPLIST_FILE = LoginPageAnimationTests/Info.plist;
				LD_RUNPATH_SEARCH_PATHS = (
					"$(inherited)",
					"@executable_path/Frameworks",
					"@loader_path/Frameworks",
				);
				PRODUCT_BUNDLE_IDENTIFIER = com.CloudTesnor.LoginPageAnimationTests;
				PRODUCT_NAME = "$(TARGET_NAME)";
				SWIFT_VERSION = 4.2;
				TARGETED_DEVICE_FAMILY = "1,2";
				TEST_HOST = "$(BUILT_PRODUCTS_DIR)/LoginPageAnimation.app/LoginPageAnimation";
			};
			name = Release;
		};
/* End XCBuildConfiguration section */

/* Begin XCConfigurationList section */
		1806A96E2135A3BB00BA2301 /* Build configuration list for PBXProject "LoginPageAnimation" */ = {
			isa = XCConfigurationList;
			buildConfigurations = (
				1806A98E2135A3BD00BA2301 /* Debug */,
				1806A98F2135A3BE00BA2301 /* Release */,
			);
			defaultConfigurationIsVisible = 0;
			defaultConfigurationName = Release;
		};
		1806A9902135A3BE00BA2301 /* Build configuration list for PBXNativeTarget "LoginPageAnimation" */ = {
			isa = XCConfigurationList;
			buildConfigurations = (
				1806A9912135A3BE00BA2301 /* Debug */,
				1806A9922135A3BE00BA2301 /* Release */,
			);
			defaultConfigurationIsVisible = 0;
			defaultConfigurationName = Release;
		};
		1806A9932135A3BE00BA2301 /* Build configuration list for PBXNativeTarget "LoginPageAnimationTests" */ = {
			isa = XCConfigurationList;
			buildConfigurations = (
				1806A9942135A3BE00BA2301 /* Debug */,
				1806A9952135A3BE00BA2301 /* Release */,
			);
			defaultConfigurationIsVisible = 0;
			defaultConfigurationName = Release;
		};
/* End XCConfigurationList section */
	};
	rootObject = 1806A96B2135A3BB00BA2301 /* Project object */;
}
