// !$*UTF8*$!
{
	archiveVersion = 1;
	classes = {
	};
	objectVersion = 50;
	objects = {

/* Begin PBXBuildFile section */
		183459F3214046FD00CDB4E6 /* AppDelegate.swift in Sources */ = {isa = PBXBuildFile; fileRef = 183459F2214046FD00CDB4E6 /* AppDelegate.swift */; };
		183459F5214046FD00CDB4E6 /* ViewController.swift in Sources */ = {isa = PBXBuildFile; fileRef = 183459F4214046FD00CDB4E6 /* ViewController.swift */; };
		183459F8214046FD00CDB4E6 /* Main.storyboard in Resources */ = {isa = PBXBuildFile; fileRef = 183459F6214046FD00CDB4E6 /* Main.storyboard */; };
		183459FD214046FD00CDB4E6 /* LaunchScreen.storyboard in Resources */ = {isa = PBXBuildFile; fileRef = 183459FB214046FD00CDB4E6 /* LaunchScreen.storyboard */; };
		18345A0521404A5F00CDB4E6 /* TinderSegmentedControl.swift in Sources */ = {isa = PBXBuildFile; fileRef = 18345A0421404A5F00CDB4E6 /* TinderSegmentedControl.swift */; };
		18345A072140538200CDB4E6 /* Assets.xcassets in Resources */ = {isa = PBXBuildFile; fileRef = 18345A062140538200CDB4E6 /* Assets.xcassets */; };
		18345A09214060B200CDB4E6 /* TinderSearchImageView.swift in Sources */ = {isa = PBXBuildFile; fileRef = 18345A08214060B200CDB4E6 /* TinderSearchImageView.swift */; };
/* End PBXBuildFile section */

/* Begin PBXFileReference section */
		183459EF214046FD00CDB4E6 /* TinderPulseAnimation.app */ = {isa = PBXFileReference; explicitFileType = wrapper.application; includeInIndex = 0; path = TinderPulseAnimation.app; sourceTree = BUILT_PRODUCTS_DIR; };
		183459F2214046FD00CDB4E6 /* AppDelegate.swift */ = {isa = PBXFileReference; lastKnownFileType = sourcecode.swift; path = AppDelegate.swift; sourceTree = "<group>"; };
		183459F4214046FD00CDB4E6 /* ViewController.swift */ = {isa = PBXFileReference; lastKnownFileType = sourcecode.swift; path = ViewController.swift; sourceTree = "<group>"; };
		183459F7214046FD00CDB4E6 /* Base */ = {isa = PBXFileReference; lastKnownFileType = file.storyboard; name = Base; path = Base.lproj/Main.storyboard; sourceTree = "<group>"; };
		183459FC214046FD00CDB4E6 /* Base */ = {isa = PBXFileReference; lastKnownFileType = file.storyboard; name = Base; path = Base.lproj/LaunchScreen.storyboard; sourceTree = "<group>"; };
		183459FE214046FD00CDB4E6 /* Info.plist */ = {isa = PBXFileReference; lastKnownFileType = text.plist.xml; path = Info.plist; sourceTree = "<group>"; };
		18345A0421404A5F00CDB4E6 /* TinderSegmentedControl.swift */ = {isa = PBXFileReference; lastKnownFileType = sourcecode.swift; path = TinderSegmentedControl.swift; sourceTree = "<group>"; };
		18345A062140538200CDB4E6 /* Assets.xcassets */ = {isa = PBXFileReference; lastKnownFileType = folder.assetcatalog; path = Assets.xcassets; sourceTree = "<group>"; };
		18345A08214060B200CDB4E6 /* TinderSearchImageView.swift */ = {isa = PBXFileReference; lastKnownFileType = sourcecode.swift; path = TinderSearchImageView.swift; sourceTree = "<group>"; };
/* End PBXFileReference section */

/* Begin PBXFrameworksBuildPhase section */
		183459EC214046FD00CDB4E6 /* Frameworks */ = {
			isa = PBXFrameworksBuildPhase;
			buildActionMask = 2147483647;
			files = (
			);
			runOnlyForDeploymentPostprocessing = 0;
		};
/* End PBXFrameworksBuildPhase section */

/* Begin PBXGroup section */
		183459E6214046FD00CDB4E6 = {
			isa = PBXGroup;
			children = (
				183459F1214046FD00CDB4E6 /* TinderPulseAnimation */,
				183459F0214046FD00CDB4E6 /* Products */,
			);
			sourceTree = "<group>";
		};
		183459F0214046FD00CDB4E6 /* Products */ = {
			isa = PBXGroup;
			children = (
				183459EF214046FD00CDB4E6 /* TinderPulseAnimation.app */,
			);
			name = Products;
			sourceTree = "<group>";
		};
		183459F1214046FD00CDB4E6 /* TinderPulseAnimation */ = {
			isa = PBXGroup;
			children = (
				183459F2214046FD00CDB4E6 /* AppDelegate.swift */,
				183459F4214046FD00CDB4E6 /* ViewController.swift */,
				18345A062140538200CDB4E6 /* Assets.xcassets */,
				183459F6214046FD00CDB4E6 /* Main.storyboard */,
				183459FB214046FD00CDB4E6 /* LaunchScreen.storyboard */,
				183459FE214046FD00CDB4E6 /* Info.plist */,
				18345A0421404A5F00CDB4E6 /* TinderSegmentedControl.swift */,
				18345A08214060B200CDB4E6 /* TinderSearchImageView.swift */,
			);
			path = TinderPulseAnimation;
			sourceTree = "<group>";
		};
/* End PBXGroup section */

/* Begin PBXNativeTarget section */
		183459EE214046FD00CDB4E6 /* TinderPulseAnimation */ = {
			isa = PBXNativeTarget;
			buildConfigurationList = 18345A01214046FD00CDB4E6 /* Build configuration list for PBXNativeTarget "TinderPulseAnimation" */;
			buildPhases = (
				183459EB214046FD00CDB4E6 /* Sources */,
				183459EC214046FD00CDB4E6 /* Frameworks */,
				183459ED214046FD00CDB4E6 /* Resources */,
			);
			buildRules = (
			);
			dependencies = (
			);
			name = TinderPulseAnimation;
			productName = TinderPulseAnimation;
			productReference = 183459EF214046FD00CDB4E6 /* TinderPulseAnimation.app */;
			productType = "com.apple.product-type.application";
		};
/* End PBXNativeTarget section */

/* Begin PBXProject section */
		183459E7214046FD00CDB4E6 /* Project object */ = {
			isa = PBXProject;
			attributes = {
				LastSwiftUpdateCheck = 1000;
				LastUpgradeCheck = 1000;
				ORGANIZATIONNAME = Ananth;
				TargetAttributes = {
					183459EE214046FD00CDB4E6 = {
						CreatedOnToolsVersion = 10.0;
					};
				};
			};
			buildConfigurationList = 183459EA214046FD00CDB4E6 /* Build configuration list for PBXProject "TinderPulseAnimation" */;
			compatibilityVersion = "Xcode 9.3";
			developmentRegion = en;
			hasScannedForEncodings = 0;
			knownRegions = (
				en,
				Base,
			);
			mainGroup = 183459E6214046FD00CDB4E6;
			productRefGroup = 183459F0214046FD00CDB4E6 /* Products */;
			projectDirPath = "";
			projectRoot = "";
			targets = (
				183459EE214046FD00CDB4E6 /* TinderPulseAnimation */,
			);
		};
/* End PBXProject section */

/* Begin PBXResourcesBuildPhase section */
		183459ED214046FD00CDB4E6 /* Resources */ = {
			isa = PBXResourcesBuildPhase;
			buildActionMask = 2147483647;
			files = (
				183459FD214046FD00CDB4E6 /* LaunchScreen.storyboard in Resources */,
				18345A072140538200CDB4E6 /* Assets.xcassets in Resources */,
				183459F8214046FD00CDB4E6 /* Main.storyboard in Resources */,
			);
			runOnlyForDeploymentPostprocessing = 0;
		};
/* End PBXResourcesBuildPhase section */

/* Begin PBXSourcesBuildPhase section */
		183459EB214046FD00CDB4E6 /* Sources */ = {
			isa = PBXSourcesBuildPhase;
			buildActionMask = 2147483647;
			files = (
				18345A09214060B200CDB4E6 /* TinderSearchImageView.swift in Sources */,
				18345A0521404A5F00CDB4E6 /* TinderSegmentedControl.swift in Sources */,
				183459F5214046FD00CDB4E6 /* ViewController.swift in Sources */,
				183459F3214046FD00CDB4E6 /* AppDelegate.swift in Sources */,
			);
			runOnlyForDeploymentPostprocessing = 0;
		};
/* End PBXSourcesBuildPhase section */

/* Begin PBXVariantGroup section */
		183459F6214046FD00CDB4E6 /* Main.storyboard */ = {
			isa = PBXVariantGroup;
			children = (
				183459F7214046FD00CDB4E6 /* Base */,
			);
			name = Main.storyboard;
			sourceTree = "<group>";
		};
		183459FB214046FD00CDB4E6 /* LaunchScreen.storyboard */ = {
			isa = PBXVariantGroup;
			children = (
				183459FC214046FD00CDB4E6 /* Base */,
			);
			name = LaunchScreen.storyboard;
			sourceTree = "<group>";
		};
/* End PBXVariantGroup section */

/* Begin XCBuildConfiguration section */
		183459FF214046FD00CDB4E6 /* Debug */ = {
			isa = XCBuildConfiguration;
			buildSettings = {
				ALWAYS_SEARCH_USER_PATHS = NO;
				CLANG_ANALYZER_NONNULL = YES;
				CLANG_ANALYZER_NUMBER_OBJECT_CONVERSION = YES_AGGRESSIVE;
				CLANG_CXX_LANGUAGE_STANDARD = "gnu++14";
				CLANG_CXX_LIBRARY = "libc++";
				CLANG_ENABLE_MODULES = YES;
				CLANG_ENABLE_OBJC_ARC = YES;
				CLANG_ENABLE_OBJC_WEAK = YES;
				CLANG_WARN_BLOCK_CAPTURE_AUTORELEASING = YES;
				CLANG_WARN_BOOL_CONVERSION = YES;
				CLANG_WARN_COMMA = YES;
				CLANG_WARN_CONSTANT_CONVERSION = YES;
				CLANG_WARN_DEPRECATED_OBJC_IMPLEMENTATIONS = YES;
				CLANG_WARN_DIRECT_OBJC_ISA_USAGE = YES_ERROR;
				CLANG_WARN_DOCUMENTATION_COMMENTS = YES;
				CLANG_WARN_EMPTY_BODY = YES;
				CLANG_WARN_ENUM_CONVERSION = YES;
				CLANG_WARN_INFINITE_RECURSION = YES;
				CLANG_WARN_INT_CONVERSION = YES;
				CLANG_WARN_NON_LITERAL_NULL_CONVERSION = YES;
				CLANG_WARN_OBJC_IMPLICIT_RETAIN_SELF = YES;
				CLANG_WARN_OBJC_LITERAL_CONVERSION = YES;
				CLANG_WARN_OBJC_ROOT_CLASS = YES_ERROR;
				CLANG_WARN_RANGE_LOOP_ANALYSIS = YES;
				CLANG_WARN_STRICT_PROTOTYPES = YES;
				CLANG_WARN_SUSPICIOUS_MOVE = YES;
				CLANG_WARN_UNGUARDED_AVAILABILITY = YES_AGGRESSIVE;
				CLANG_WARN_UNREACHABLE_CODE = YES;
				CLANG_WARN__DUPLICATE_METHOD_MATCH = YES;
				CODE_SIGN_IDENTITY = "iPhone Developer";
				COPY_PHASE_STRIP = NO;
				DEBUG_INFORMATION_FORMAT = dwarf;
				ENABLE_STRICT_OBJC_MSGSEND = YES;
				ENABLE_TESTABILITY = YES;
				GCC_C_LANGUAGE_STANDARD = gnu11;
				GCC_DYNAMIC_NO_PIC = NO;
				GCC_NO_COMMON_BLOCKS = YES;
				GCC_OPTIMIZATION_LEVEL = 0;
				GCC_PREPROCESSOR_DEFINITIONS = (
					"DEBUG=1",
					"$(inherited)",
				);
				GCC_WARN_64_TO_32_BIT_CONVERSION = YES;
				GCC_WARN_ABOUT_RETURN_TYPE = YES_ERROR;
				GCC_WARN_UNDECLARED_SELECTOR = YES;
				GCC_WARN_UNINITIALIZED_AUTOS = YES_AGGRESSIVE;
				GCC_WARN_UNUSED_FUNCTION = YES;
				GCC_WARN_UNUSED_VARIABLE = YES;
				IPHONEOS_DEPLOYMENT_TARGET = 12.0;
				MTL_ENABLE_DEBUG_INFO = INCLUDE_SOURCE;
				MTL_FAST_MATH = YES;
				ONLY_ACTIVE_ARCH = YES;
				SDKROOT = iphoneos;
				SWIFT_ACTIVE_COMPILATION_CONDITIONS = DEBUG;
				SWIFT_OPTIMIZATION_LEVEL = "-Onone";
			};
			name = Debug;
		};
		18345A00214046FD00CDB4E6 /* Release */ = {
			isa = XCBuildConfiguration;
			buildSettings = {
				ALWAYS_SEARCH_USER_PATHS = NO;
				CLANG_ANALYZER_NONNULL = YES;
				CLANG_ANALYZER_NUMBER_OBJECT_CONVERSION = YES_AGGRESSIVE;
				CLANG_CXX_LANGUAGE_STANDARD = "gnu++14";
				CLANG_CXX_LIBRARY = "libc++";
				CLANG_ENABLE_MODULES = YES;
				CLANG_ENABLE_OBJC_ARC = YES;
				CLANG_ENABLE_OBJC_WEAK = YES;
				CLANG_WARN_BLOCK_CAPTURE_AUTORELEASING = YES;
				CLANG_WARN_BOOL_CONVERSION = YES;
				CLANG_WARN_COMMA = YES;
				CLANG_WARN_CONSTANT_CONVERSION = YES;
				CLANG_WARN_DEPRECATED_OBJC_IMPLEMENTATIONS = YES;
				CLANG_WARN_DIRECT_OBJC_ISA_USAGE = YES_ERROR;
				CLANG_WARN_DOCUMENTATION_COMMENTS = YES;
				CLANG_WARN_EMPTY_BODY = YES;
				CLANG_WARN_ENUM_CONVERSION = YES;
				CLANG_WARN_INFINITE_RECURSION = YES;
				CLANG_WARN_INT_CONVERSION = YES;
				CLANG_WARN_NON_LITERAL_NULL_CONVERSION = YES;
				CLANG_WARN_OBJC_IMPLICIT_RETAIN_SELF = YES;
				CLANG_WARN_OBJC_LITERAL_CONVERSION = YES;
				CLANG_WARN_OBJC_ROOT_CLASS = YES_ERROR;
				CLANG_WARN_RANGE_LOOP_ANALYSIS = YES;
				CLANG_WARN_STRICT_PROTOTYPES = YES;
				CLANG_WARN_SUSPICIOUS_MOVE = YES;
				CLANG_WARN_UNGUARDED_AVAILABILITY = YES_AGGRESSIVE;
				CLANG_WARN_UNREACHABLE_CODE = YES;
				CLANG_WARN__DUPLICATE_METHOD_MATCH = YES;
				CODE_SIGN_IDENTITY = "iPhone Developer";
				COPY_PHASE_STRIP = NO;
				DEBUG_INFORMATION_FORMAT = "dwarf-with-dsym";
				ENABLE_NS_ASSERTIONS = NO;
				ENABLE_STRICT_OBJC_MSGSEND = YES;
				GCC_C_LANGUAGE_STANDARD = gnu11;
				GCC_NO_COMMON_BLOCKS = YES;
				GCC_WARN_64_TO_32_BIT_CONVERSION = YES;
				GCC_WARN_ABOUT_RETURN_TYPE = YES_ERROR;
				GCC_WARN_UNDECLARED_SELECTOR = YES;
				GCC_WARN_UNINITIALIZED_AUTOS = YES_AGGRESSIVE;
				GCC_WARN_UNUSED_FUNCTION = YES;
				GCC_WARN_UNUSED_VARIABLE = YES;
				IPHONEOS_DEPLOYMENT_TARGET = 12.0;
				MTL_ENABLE_DEBUG_INFO = NO;
				MTL_FAST_MATH = YES;
				SDKROOT = iphoneos;
				SWIFT_COMPILATION_MODE = wholemodule;
				SWIFT_OPTIMIZATION_LEVEL = "-O";
				VALIDATE_PRODUCT = YES;
			};
			name = Release;
		};
		18345A02214046FD00CDB4E6 /* Debug */ = {
			isa = XCBuildConfiguration;
			buildSettings = {
				ASSETCATALOG_COMPILER_APPICON_NAME = AppIcon;
				CODE_SIGN_STYLE = Automatic;
				DEVELOPMENT_TEAM = K588M45ZA4;
				INFOPLIST_FILE = TinderPulseAnimation/Info.plist;
				LD_RUNPATH_SEARCH_PATHS = (
					"$(inherited)",
					"@executable_path/Frameworks",
				);
				PRODUCT_BUNDLE_IDENTIFIER = com.CloudTesnor.TinderPulseAnimation;
				PRODUCT_NAME = "$(TARGET_NAME)";
				SWIFT_VERSION = 4.2;
				TARGETED_DEVICE_FAMILY = "1,2";
			};
			name = Debug;
		};
		18345A03214046FD00CDB4E6 /* Release */ = {
			isa = XCBuildConfiguration;
			buildSettings = {
				ASSETCATALOG_COMPILER_APPICON_NAME = AppIcon;
				CODE_SIGN_STYLE = Automatic;
				DEVELOPMENT_TEAM = K588M45ZA4;
				INFOPLIST_FILE = TinderPulseAnimation/Info.plist;
				LD_RUNPATH_SEARCH_PATHS = (
					"$(inherited)",
					"@executable_path/Frameworks",
				);
				PRODUCT_BUNDLE_IDENTIFIER = com.CloudTesnor.TinderPulseAnimation;
				PRODUCT_NAME = "$(TARGET_NAME)";
				SWIFT_VERSION = 4.2;
				TARGETED_DEVICE_FAMILY = "1,2";
			};
			name = Release;
		};
/* End XCBuildConfiguration section */

/* Begin XCConfigurationList section */
		183459EA214046FD00CDB4E6 /* Build configuration list for PBXProject "TinderPulseAnimation" */ = {
			isa = XCConfigurationList;
			buildConfigurations = (
				183459FF214046FD00CDB4E6 /* Debug */,
				18345A00214046FD00CDB4E6 /* Release */,
			);
			defaultConfigurationIsVisible = 0;
			defaultConfigurationName = Release;
		};
		18345A01214046FD00CDB4E6 /* Build configuration list for PBXNativeTarget "TinderPulseAnimation" */ = {
			isa = XCConfigurationList;
			buildConfigurations = (
				18345A02214046FD00CDB4E6 /* Debug */,
				18345A03214046FD00CDB4E6 /* Release */,
			);
			defaultConfigurationIsVisible = 0;
			defaultConfigurationName = Release;
		};
/* End XCConfigurationList section */
	};
	rootObject = 183459E7214046FD00CDB4E6 /* Project object */;
}
